
Microsoft Visual Studio Solution File, Format Version 12.00
# Visual Studio Version 17
VisualStudioVersion = 17.5.33414.496
MinimumVisualStudioVersion = 10.0.40219.1
Project("{FAE04EC0-301F-11D3-BF4B-00C04F79EFBC}") = "AppExemplo1", "AppExemplo1\AppExemplo1.csproj", "{2EC1FCC3-22A9-4A08-A6D5-F10B95F255BA}"
EndProject
Global
	GlobalSection(SolutionConfigurationPlatforms) = preSolution
		Debug|Any CPU = Debug|Any CPU
		Release|Any CPU = Release|Any CPU
	EndGlobalSection
	GlobalSection(ProjectConfigurationPlatforms) = postSolution
		{2EC1FCC3-22A9-4A08-A6D5-F10B95F255BA}.Debug|Any CPU.ActiveCfg = Debug|Any CPU
		{2EC1FCC3-22A9-4A08-A6D5-F10B95F255BA}.Debug|Any CPU.Build.0 = Debug|Any CPU
		{2EC1FCC3-22A9-4A08-A6D5-F10B95F255BA}.Release|Any CPU.ActiveCfg = Release|Any CPU
		{2EC1FCC3-22A9-4A08-A6D5-F10B95F255BA}.Release|Any CPU.Build.0 = Release|Any CPU
	EndGlobalSection
	GlobalSection(SolutionProperties) = preSolution
		HideSolutionNode = FALSE
	EndGlobalSection
	GlobalSection(ExtensibilityGlobals) = postSolution
		SolutionGuid = {3992DD79-B6A7-4C7B-B25C-09A8AA571B81}
	EndGlobalSection
EndGlobal
